
Microsoft Visual Studio Solution File, Format Version 12.00
Project("{2150E333-8FDC-42A3-9474-1A3956D46DE8}") = "Core", "Core", "{5F9FFC6D-5201-4A94-9C88-C83AB5416D15}"
EndProject
Project("{FAE04EC0-301F-11D3-BF4B-00C04F79EFBC}") = "Domain", "Domain\Domain.csproj", "{F93A7626-9A9B-4968-80DA-4AD6C5D40F80}"
EndProject
Project("{FAE04EC0-301F-11D3-BF4B-00C04F79EFBC}") = "Services", "Services\Services.csproj", "{26B27C00-D255-44C1-B8A2-812253A58F33}"
EndProject
Project("{FAE04EC0-301F-11D3-BF4B-00C04F79EFBC}") = "Services.Abstractions", "Services.Abstractions\Services.Abstractions.csproj", "{106B3BF6-2F3A-4BD7-A0D0-CFF2F6DCE3FE}"
EndProject
Project("{2150E333-8FDC-42A3-9474-1A3956D46DE8}") = "Infrastructure", "Infrastructure", "{A8706F36-5B71-443A-97A2-757F7EB5AFB8}"
EndProject
Project("{FAE04EC0-301F-11D3-BF4B-00C04F79EFBC}") = "Persistence", "Persistence\Persistence.csproj", "{3F62BDF9-416C-4B41-9FBA-47AA237A1FD8}"
EndProject
Project("{FAE04EC0-301F-11D3-BF4B-00C04F79EFBC}") = "Presentation", "Presentation\Presentation.csproj", "{FD0CAE8D-6836-4B33-8B4C-91CD2AC75513}"
EndProject
Project("{FAE04EC0-301F-11D3-BF4B-00C04F79EFBC}") = "Web", "Web\Web.csproj", "{524B3524-3D9B-4398-9140-7A1FF417D3D8}"
EndProject
Project("{FAE04EC0-301F-11D3-BF4B-00C04F79EFBC}") = "Shared", "Shared\Shared.csproj", "{87C8E4B3-124E-4691-BE15-25BAB4F4BE78}"
EndProject
Global
	GlobalSection(SolutionConfigurationPlatforms) = preSolution
		Debug|Any CPU = Debug|Any CPU
		Release|Any CPU = Release|Any CPU
	EndGlobalSection
	GlobalSection(ProjectConfigurationPlatforms) = postSolution
		{F93A7626-9A9B-4968-80DA-4AD6C5D40F80}.Debug|Any CPU.ActiveCfg = Debug|Any CPU
		{F93A7626-9A9B-4968-80DA-4AD6C5D40F80}.Debug|Any CPU.Build.0 = Debug|Any CPU
		{F93A7626-9A9B-4968-80DA-4AD6C5D40F80}.Release|Any CPU.ActiveCfg = Release|Any CPU
		{F93A7626-9A9B-4968-80DA-4AD6C5D40F80}.Release|Any CPU.Build.0 = Release|Any CPU
		{26B27C00-D255-44C1-B8A2-812253A58F33}.Debug|Any CPU.ActiveCfg = Debug|Any CPU
		{26B27C00-D255-44C1-B8A2-812253A58F33}.Debug|Any CPU.Build.0 = Debug|Any CPU
		{26B27C00-D255-44C1-B8A2-812253A58F33}.Release|Any CPU.ActiveCfg = Release|Any CPU
		{26B27C00-D255-44C1-B8A2-812253A58F33}.Release|Any CPU.Build.0 = Release|Any CPU
		{106B3BF6-2F3A-4BD7-A0D0-CFF2F6DCE3FE}.Debug|Any CPU.ActiveCfg = Debug|Any CPU
		{106B3BF6-2F3A-4BD7-A0D0-CFF2F6DCE3FE}.Debug|Any CPU.Build.0 = Debug|Any CPU
		{106B3BF6-2F3A-4BD7-A0D0-CFF2F6DCE3FE}.Release|Any CPU.ActiveCfg = Release|Any CPU
		{106B3BF6-2F3A-4BD7-A0D0-CFF2F6DCE3FE}.Release|Any CPU.Build.0 = Release|Any CPU
		{3F62BDF9-416C-4B41-9FBA-47AA237A1FD8}.Debug|Any CPU.ActiveCfg = Debug|Any CPU
		{3F62BDF9-416C-4B41-9FBA-47AA237A1FD8}.Debug|Any CPU.Build.0 = Debug|Any CPU
		{3F62BDF9-416C-4B41-9FBA-47AA237A1FD8}.Release|Any CPU.ActiveCfg = Release|Any CPU
		{3F62BDF9-416C-4B41-9FBA-47AA237A1FD8}.Release|Any CPU.Build.0 = Release|Any CPU
		{FD0CAE8D-6836-4B33-8B4C-91CD2AC75513}.Debug|Any CPU.ActiveCfg = Debug|Any CPU
		{FD0CAE8D-6836-4B33-8B4C-91CD2AC75513}.Debug|Any CPU.Build.0 = Debug|Any CPU
		{FD0CAE8D-6836-4B33-8B4C-91CD2AC75513}.Release|Any CPU.ActiveCfg = Release|Any CPU
		{FD0CAE8D-6836-4B33-8B4C-91CD2AC75513}.Release|Any CPU.Build.0 = Release|Any CPU
		{524B3524-3D9B-4398-9140-7A1FF417D3D8}.Debug|Any CPU.ActiveCfg = Debug|Any CPU
		{524B3524-3D9B-4398-9140-7A1FF417D3D8}.Debug|Any CPU.Build.0 = Debug|Any CPU
		{524B3524-3D9B-4398-9140-7A1FF417D3D8}.Release|Any CPU.ActiveCfg = Release|Any CPU
		{524B3524-3D9B-4398-9140-7A1FF417D3D8}.Release|Any CPU.Build.0 = Release|Any CPU
		{87C8E4B3-124E-4691-BE15-25BAB4F4BE78}.Debug|Any CPU.ActiveCfg = Debug|Any CPU
		{87C8E4B3-124E-4691-BE15-25BAB4F4BE78}.Debug|Any CPU.Build.0 = Debug|Any CPU
		{87C8E4B3-124E-4691-BE15-25BAB4F4BE78}.Release|Any CPU.ActiveCfg = Release|Any CPU
		{87C8E4B3-124E-4691-BE15-25BAB4F4BE78}.Release|Any CPU.Build.0 = Release|Any CPU
	EndGlobalSection
	GlobalSection(NestedProjects) = preSolution
		{F93A7626-9A9B-4968-80DA-4AD6C5D40F80} = {5F9FFC6D-5201-4A94-9C88-C83AB5416D15}
		{26B27C00-D255-44C1-B8A2-812253A58F33} = {5F9FFC6D-5201-4A94-9C88-C83AB5416D15}
		{106B3BF6-2F3A-4BD7-A0D0-CFF2F6DCE3FE} = {5F9FFC6D-5201-4A94-9C88-C83AB5416D15}
		{3F62BDF9-416C-4B41-9FBA-47AA237A1FD8} = {A8706F36-5B71-443A-97A2-757F7EB5AFB8}
		{FD0CAE8D-6836-4B33-8B4C-91CD2AC75513} = {A8706F36-5B71-443A-97A2-757F7EB5AFB8}
	EndGlobalSection
EndGlobal
